
Microsoft Visual Studio Solution File, Format Version 12.00
# Visual Studio Version 16
VisualStudioVersion = 16.0.30523.141
MinimumVisualStudioVersion = 10.0.40219.1
Project("{FAE04EC0-301F-11D3-BF4B-00C04F79EFBC}") = "ParcialJuego", "ParcialJuego\ParcialJuego.csproj", "{5EFEA970-9BDB-4FE5-B000-CCE9E0597B21}"
EndProject
Global
	GlobalSection(SolutionConfigurationPlatforms) = preSolution
		Debug|Any CPU = Debug|Any CPU
		Release|Any CPU = Release|Any CPU
	EndGlobalSection
	GlobalSection(ProjectConfigurationPlatforms) = postSolution
		{5EFEA970-9BDB-4FE5-B000-CCE9E0597B21}.Debug|Any CPU.ActiveCfg = Debug|Any CPU
		{5EFEA970-9BDB-4FE5-B000-CCE9E0597B21}.Debug|Any CPU.Build.0 = Debug|Any CPU
		{5EFEA970-9BDB-4FE5-B000-CCE9E0597B21}.Release|Any CPU.ActiveCfg = Release|Any CPU
		{5EFEA970-9BDB-4FE5-B000-CCE9E0597B21}.Release|Any CPU.Build.0 = Release|Any CPU
	EndGlobalSection
	GlobalSection(SolutionProperties) = preSolution
		HideSolutionNode = FALSE
	EndGlobalSection
	GlobalSection(ExtensibilityGlobals) = postSolution
		SolutionGuid = {15A1F75C-28BD-4804-8C77-9CB38985F441}
	EndGlobalSection
EndGlobal
