
Microsoft Visual Studio Solution File, Format Version 12.00
# Visual Studio Version 16
VisualStudioVersion = 16.0.30523.141
MinimumVisualStudioVersion = 10.0.40219.1
Project("{FAE04EC0-301F-11D3-BF4B-00C04F79EFBC}") = "Taller1Clase", "Taller1Clase\Taller1Clase.csproj", "{8041AC7E-9D91-475C-9963-C0F67527DF12}"
EndProject
Global
	GlobalSection(SolutionConfigurationPlatforms) = preSolution
		Debug|Any CPU = Debug|Any CPU
		Release|Any CPU = Release|Any CPU
	EndGlobalSection
	GlobalSection(ProjectConfigurationPlatforms) = postSolution
		{8041AC7E-9D91-475C-9963-C0F67527DF12}.Debug|Any CPU.ActiveCfg = Debug|Any CPU
		{8041AC7E-9D91-475C-9963-C0F67527DF12}.Debug|Any CPU.Build.0 = Debug|Any CPU
		{8041AC7E-9D91-475C-9963-C0F67527DF12}.Release|Any CPU.ActiveCfg = Release|Any CPU
		{8041AC7E-9D91-475C-9963-C0F67527DF12}.Release|Any CPU.Build.0 = Release|Any CPU
	EndGlobalSection
	GlobalSection(SolutionProperties) = preSolution
		HideSolutionNode = FALSE
	EndGlobalSection
	GlobalSection(ExtensibilityGlobals) = postSolution
		SolutionGuid = {81B3C222-E8E4-4A2D-95E7-7D8FF1341F50}
	EndGlobalSection
EndGlobal
